// !$*UTF8*$!
{
	archiveVersion = 1;
	classes = {
	};
	objectVersion = 77;
	objects = {

/* Begin PBXContainerItemProxy section */
		D8B15D7E2D8C72A3002441B7 /* PBXContainerItemProxy */ = {
			isa = PBXContainerItemProxy;
			containerPortal = D8B15D652D8C72A2002441B7 /* Project object */;
			proxyType = 1;
			remoteGlobalIDString = D8B15D6C2D8C72A2002441B7;
			remoteInfo = calculatrice;
		};
		D8B15D882D8C72A3002441B7 /* PBXContainerItemProxy */ = {
			isa = PBXContainerItemProxy;
			containerPortal = D8B15D652D8C72A2002441B7 /* Project object */;
			proxyType = 1;
			remoteGlobalIDString = D8B15D6C2D8C72A2002441B7;
			remoteInfo = calculatrice;
		};
/* End PBXContainerItemProxy section */

/* Begin PBXFileReference section */
		D8B15D6D2D8C72A2002441B7 /* calculatrice.app */ = {isa = PBXFileReference; explicitFileType = wrapper.application; includeInIndex = 0; path = calculatrice.app; sourceTree = BUILT_PRODUCTS_DIR; };
		D8B15D7D2D8C72A3002441B7 /* calculatriceTests.xctest */ = {isa = PBXFileReference; explicitFileType = wrapper.cfbundle; includeInIndex = 0; path = calculatriceTests.xctest; sourceTree = BUILT_PRODUCTS_DIR; };
		D8B15D872D8C72A3002441B7 /* calculatriceUITests.xctest */ = {isa = PBXFileReference; explicitFileType = wrapper.cfbundle; includeInIndex = 0; path = calculatriceUITests.xctest; sourceTree = BUILT_PRODUCTS_DIR; };
/* End PBXFileReference section */

/* Begin PBXFileSystemSynchronizedRootGroup section */
		D8B15D6F2D8C72A2002441B7 /* calculatrice */ = {
			isa = PBXFileSystemSynchronizedRootGroup;
			path = calculatrice;
			sourceTree = "<group>";
		};
		D8B15D802D8C72A3002441B7 /* calculatriceTests */ = {
			isa = PBXFileSystemSynchronizedRootGroup;
			path = calculatriceTests;
			sourceTree = "<group>";
		};
		D8B15D8A2D8C72A3002441B7 /* calculatriceUITests */ = {
			isa = PBXFileSystemSynchronizedRootGroup;
			path = calculatriceUITests;
			sourceTree = "<group>";
		};
/* End PBXFileSystemSynchronizedRootGroup section */

/* Begin PBXFrameworksBuildPhase section */
		D8B15D6A2D8C72A2002441B7 /* Frameworks */ = {
			isa = PBXFrameworksBuildPhase;
			buildActionMask = 2147483647;
			files = (
			);
			runOnlyForDeploymentPostprocessing = 0;
		};
		D8B15D7A2D8C72A3002441B7 /* Frameworks */ = {
			isa = PBXFrameworksBuildPhase;
			buildActionMask = 2147483647;
			files = (
			);
			runOnlyForDeploymentPostprocessing = 0;
		};
		D8B15D842D8C72A3002441B7 /* Frameworks */ = {
			isa = PBXFrameworksBuildPhase;
			buildActionMask = 2147483647;
			files = (
			);
			runOnlyForDeploymentPostprocessing = 0;
		};
/* End PBXFrameworksBuildPhase section */

/* Begin PBXGroup section */
		D8B15D642D8C72A2002441B7 = {
			isa = PBXGroup;
			children = (
				D8B15D6F2D8C72A2002441B7 /* calculatrice */,
				D8B15D802D8C72A3002441B7 /* calculatriceTests */,
				D8B15D8A2D8C72A3002441B7 /* calculatriceUITests */,
				D8B15D6E2D8C72A2002441B7 /* Products */,
			);
			sourceTree = "<group>";
		};
		D8B15D6E2D8C72A2002441B7 /* Products */ = {
			isa = PBXGroup;
			children = (
				D8B15D6D2D8C72A2002441B7 /* calculatrice.app */,
				D8B15D7D2D8C72A3002441B7 /* calculatriceTests.xctest */,
				D8B15D872D8C72A3002441B7 /* calculatriceUITests.xctest */,
			);
			name = Products;
			sourceTree = "<group>";
		};
/* End PBXGroup section */

/* Begin PBXNativeTarget section */
		D8B15D6C2D8C72A2002441B7 /* calculatrice */ = {
			isa = PBXNativeTarget;
			buildConfigurationList = D8B15D912D8C72A3002441B7 /* Build configuration list for PBXNativeTarget "calculatrice" */;
			buildPhases = (
				D8B15D692D8C72A2002441B7 /* Sources */,
				D8B15D6A2D8C72A2002441B7 /* Frameworks */,
				D8B15D6B2D8C72A2002441B7 /* Resources */,
			);
			buildRules = (
			);
			dependencies = (
			);
			fileSystemSynchronizedGroups = (
				D8B15D6F2D8C72A2002441B7 /* calculatrice */,
			);
			name = calculatrice;
			packageProductDependencies = (
			);
			productName = calculatrice;
			productReference = D8B15D6D2D8C72A2002441B7 /* calculatrice.app */;
			productType = "com.apple.product-type.application";
		};
		D8B15D7C2D8C72A3002441B7 /* calculatriceTests */ = {
			isa = PBXNativeTarget;
			buildConfigurationList = D8B15D942D8C72A3002441B7 /* Build configuration list for PBXNativeTarget "calculatriceTests" */;
			buildPhases = (
				D8B15D792D8C72A3002441B7 /* Sources */,
				D8B15D7A2D8C72A3002441B7 /* Frameworks */,
				D8B15D7B2D8C72A3002441B7 /* Resources */,
			);
			buildRules = (
			);
			dependencies = (
				D8B15D7F2D8C72A3002441B7 /* PBXTargetDependency */,
			);
			fileSystemSynchronizedGroups = (
				D8B15D802D8C72A3002441B7 /* calculatriceTests */,
			);
			name = calculatriceTests;
			packageProductDependencies = (
			);
			productName = calculatriceTests;
			productReference = D8B15D7D2D8C72A3002441B7 /* calculatriceTests.xctest */;
			productType = "com.apple.product-type.bundle.unit-test";
		};
		D8B15D862D8C72A3002441B7 /* calculatriceUITests */ = {
			isa = PBXNativeTarget;
			buildConfigurationList = D8B15D972D8C72A3002441B7 /* Build configuration list for PBXNativeTarget "calculatriceUITests" */;
			buildPhases = (
				D8B15D832D8C72A3002441B7 /* Sources */,
				D8B15D842D8C72A3002441B7 /* Frameworks */,
				D8B15D852D8C72A3002441B7 /* Resources */,
			);
			buildRules = (
			);
			dependencies = (
				D8B15D892D8C72A3002441B7 /* PBXTargetDependency */,
			);
			fileSystemSynchronizedGroups = (
				D8B15D8A2D8C72A3002441B7 /* calculatriceUITests */,
			);
			name = calculatriceUITests;
			packageProductDependencies = (
			);
			productName = calculatriceUITests;
			productReference = D8B15D872D8C72A3002441B7 /* calculatriceUITests.xctest */;
			productType = "com.apple.product-type.bundle.ui-testing";
		};
/* End PBXNativeTarget section */

/* Begin PBXProject section */
		D8B15D652D8C72A2002441B7 /* Project object */ = {
			isa = PBXProject;
			attributes = {
				BuildIndependentTargetsInParallel = 1;
				LastSwiftUpdateCheck = 1620;
				LastUpgradeCheck = 1620;
				TargetAttributes = {
					D8B15D6C2D8C72A2002441B7 = {
						CreatedOnToolsVersion = 16.2;
					};
					D8B15D7C2D8C72A3002441B7 = {
						CreatedOnToolsVersion = 16.2;
						TestTargetID = D8B15D6C2D8C72A2002441B7;
					};
					D8B15D862D8C72A3002441B7 = {
						CreatedOnToolsVersion = 16.2;
						TestTargetID = D8B15D6C2D8C72A2002441B7;
					};
				};
			};
			buildConfigurationList = D8B15D682D8C72A2002441B7 /* Build configuration list for PBXProject "calculatrice" */;
			developmentRegion = en;
			hasScannedForEncodings = 0;
			knownRegions = (
				en,
				Base,
			);
			mainGroup = D8B15D642D8C72A2002441B7;
			minimizedProjectReferenceProxies = 1;
			preferredProjectObjectVersion = 77;
			productRefGroup = D8B15D6E2D8C72A2002441B7 /* Products */;
			projectDirPath = "";
			projectRoot = "";
			targets = (
				D8B15D6C2D8C72A2002441B7 /* calculatrice */,
				D8B15D7C2D8C72A3002441B7 /* calculatriceTests */,
				D8B15D862D8C72A3002441B7 /* calculatriceUITests */,
			);
		};
/* End PBXProject section */

/* Begin PBXResourcesBuildPhase section */
		D8B15D6B2D8C72A2002441B7 /* Resources */ = {
			isa = PBXResourcesBuildPhase;
			buildActionMask = 2147483647;
			files = (
			);
			runOnlyForDeploymentPostprocessing = 0;
		};
		D8B15D7B2D8C72A3002441B7 /* Resources */ = {
			isa = PBXResourcesBuildPhase;
			buildActionMask = 2147483647;
			files = (
			);
			runOnlyForDeploymentPostprocessing = 0;
		};
		D8B15D852D8C72A3002441B7 /* Resources */ = {
			isa = PBXResourcesBuildPhase;
			buildActionMask = 2147483647;
			files = (
			);
			runOnlyForDeploymentPostprocessing = 0;
		};
/* End PBXResourcesBuildPhase section */

/* Begin PBXSourcesBuildPhase section */
		D8B15D692D8C72A2002441B7 /* Sources */ = {
			isa = PBXSourcesBuildPhase;
			buildActionMask = 2147483647;
			files = (
			);
			runOnlyForDeploymentPostprocessing = 0;
		};
		D8B15D792D8C72A3002441B7 /* Sources */ = {
			isa = PBXSourcesBuildPhase;
			buildActionMask = 2147483647;
			files = (
			);
			runOnlyForDeploymentPostprocessing = 0;
		};
		D8B15D832D8C72A3002441B7 /* Sources */ = {
			isa = PBXSourcesBuildPhase;
			buildActionMask = 2147483647;
			files = (
			);
			runOnlyForDeploymentPostprocessing = 0;
		};
/* End PBXSourcesBuildPhase section */

/* Begin PBXTargetDependency section */
		D8B15D7F2D8C72A3002441B7 /* PBXTargetDependency */ = {
			isa = PBXTargetDependency;
			target = D8B15D6C2D8C72A2002441B7 /* calculatrice */;
			targetProxy = D8B15D7E2D8C72A3002441B7 /* PBXContainerItemProxy */;
		};
		D8B15D892D8C72A3002441B7 /* PBXTargetDependency */ = {
			isa = PBXTargetDependency;
			target = D8B15D6C2D8C72A2002441B7 /* calculatrice */;
			targetProxy = D8B15D882D8C72A3002441B7 /* PBXContainerItemProxy */;
		};
/* End PBXTargetDependency section */

/* Begin XCBuildConfiguration section */
		D8B15D8F2D8C72A3002441B7 /* Debug */ = {
			isa = XCBuildConfiguration;
			buildSettings = {
				ALWAYS_SEARCH_USER_PATHS = NO;
				ASSETCATALOG_COMPILER_GENERATE_SWIFT_ASSET_SYMBOL_EXTENSIONS = YES;
				CLANG_ANALYZER_NONNULL = YES;
				CLANG_ANALYZER_NUMBER_OBJECT_CONVERSION = YES_AGGRESSIVE;
				CLANG_CXX_LANGUAGE_STANDARD = "gnu++20";
				CLANG_ENABLE_MODULES = YES;
				CLANG_ENABLE_OBJC_ARC = YES;
				CLANG_ENABLE_OBJC_WEAK = YES;
				CLANG_WARN_BLOCK_CAPTURE_AUTORELEASING = YES;
				CLANG_WARN_BOOL_CONVERSION = YES;
				CLANG_WARN_COMMA = YES;
				CLANG_WARN_CONSTANT_CONVERSION = YES;
				CLANG_WARN_DEPRECATED_OBJC_IMPLEMENTATIONS = YES;
				CLANG_WARN_DIRECT_OBJC_ISA_USAGE = YES_ERROR;
				CLANG_WARN_DOCUMENTATION_COMMENTS = YES;
				CLANG_WARN_EMPTY_BODY = YES;
				CLANG_WARN_ENUM_CONVERSION = YES;
				CLANG_WARN_INFINITE_RECURSION = YES;
				CLANG_WARN_INT_CONVERSION = YES;
				CLANG_WARN_NON_LITERAL_NULL_CONVERSION = YES;
				CLANG_WARN_OBJC_IMPLICIT_RETAIN_SELF = YES;
				CLANG_WARN_OBJC_LITERAL_CONVERSION = YES;
				CLANG_WARN_OBJC_ROOT_CLASS = YES_ERROR;
				CLANG_WARN_QUOTED_INCLUDE_IN_FRAMEWORK_HEADER = YES;
				CLANG_WARN_RANGE_LOOP_ANALYSIS = YES;
				CLANG_WARN_STRICT_PROTOTYPES = YES;
				CLANG_WARN_SUSPICIOUS_MOVE = YES;
				CLANG_WARN_UNGUARDED_AVAILABILITY = YES_AGGRESSIVE;
				CLANG_WARN_UNREACHABLE_CODE = YES;
				CLANG_WARN__DUPLICATE_METHOD_MATCH = YES;
				COPY_PHASE_STRIP = NO;
				DEBUG_INFORMATION_FORMAT = dwarf;
				ENABLE_STRICT_OBJC_MSGSEND = YES;
				ENABLE_TESTABILITY = YES;
				ENABLE_USER_SCRIPT_SANDBOXING = YES;
				GCC_C_LANGUAGE_STANDARD = gnu17;
				GCC_DYNAMIC_NO_PIC = NO;
				GCC_NO_COMMON_BLOCKS = YES;
				GCC_OPTIMIZATION_LEVEL = 0;
				GCC_PREPROCESSOR_DEFINITIONS = (
					"DEBUG=1",
					"$(inherited)",
				);
				GCC_WARN_64_TO_32_BIT_CONVERSION = YES;
				GCC_WARN_ABOUT_RETURN_TYPE = YES_ERROR;
				GCC_WARN_UNDECLARED_SELECTOR = YES;
				GCC_WARN_UNINITIALIZED_AUTOS = YES_AGGRESSIVE;
				GCC_WARN_UNUSED_FUNCTION = YES;
				GCC_WARN_UNUSED_VARIABLE = YES;
				IPHONEOS_DEPLOYMENT_TARGET = 18.2;
				LOCALIZATION_PREFERS_STRING_CATALOGS = YES;
				MTL_ENABLE_DEBUG_INFO = INCLUDE_SOURCE;
				MTL_FAST_MATH = YES;
				ONLY_ACTIVE_ARCH = YES;
				SDKROOT = iphoneos;
				SWIFT_ACTIVE_COMPILATION_CONDITIONS = "DEBUG $(inherited)";
				SWIFT_OPTIMIZATION_LEVEL = "-Onone";
			};
			name = Debug;
		};
		D8B15D902D8C72A3002441B7 /* Release */ = {
			isa = XCBuildConfiguration;
			buildSettings = {
				ALWAYS_SEARCH_USER_PATHS = NO;
				ASSETCATALOG_COMPILER_GENERATE_SWIFT_ASSET_SYMBOL_EXTENSIONS = YES;
				CLANG_ANALYZER_NONNULL = YES;
				CLANG_ANALYZER_NUMBER_OBJECT_CONVERSION = YES_AGGRESSIVE;
				CLANG_CXX_LANGUAGE_STANDARD = "gnu++20";
				CLANG_ENABLE_MODULES = YES;
				CLANG_ENABLE_OBJC_ARC = YES;
				CLANG_ENABLE_OBJC_WEAK = YES;
				CLANG_WARN_BLOCK_CAPTURE_AUTORELEASING = YES;
				CLANG_WARN_BOOL_CONVERSION = YES;
				CLANG_WARN_COMMA = YES;
				CLANG_WARN_CONSTANT_CONVERSION = YES;
				CLANG_WARN_DEPRECATED_OBJC_IMPLEMENTATIONS = YES;
				CLANG_WARN_DIRECT_OBJC_ISA_USAGE = YES_ERROR;
				CLANG_WARN_DOCUMENTATION_COMMENTS = YES;
				CLANG_WARN_EMPTY_BODY = YES;
				CLANG_WARN_ENUM_CONVERSION = YES;
				CLANG_WARN_INFINITE_RECURSION = YES;
				CLANG_WARN_INT_CONVERSION = YES;
				CLANG_WARN_NON_LITERAL_NULL_CONVERSION = YES;
				CLANG_WARN_OBJC_IMPLICIT_RETAIN_SELF = YES;
				CLANG_WARN_OBJC_LITERAL_CONVERSION = YES;
				CLANG_WARN_OBJC_ROOT_CLASS = YES_ERROR;
				CLANG_WARN_QUOTED_INCLUDE_IN_FRAMEWORK_HEADER = YES;
				CLANG_WARN_RANGE_LOOP_ANALYSIS = YES;
				CLANG_WARN_STRICT_PROTOTYPES = YES;
				CLANG_WARN_SUSPICIOUS_MOVE = YES;
				CLANG_WARN_UNGUARDED_AVAILABILITY = YES_AGGRESSIVE;
				CLANG_WARN_UNREACHABLE_CODE = YES;
				CLANG_WARN__DUPLICATE_METHOD_MATCH = YES;
				COPY_PHASE_STRIP = NO;
				DEBUG_INFORMATION_FORMAT = "dwarf-with-dsym";
				ENABLE_NS_ASSERTIONS = NO;
				ENABLE_STRICT_OBJC_MSGSEND = YES;
				ENABLE_USER_SCRIPT_SANDBOXING = YES;
				GCC_C_LANGUAGE_STANDARD = gnu17;
				GCC_NO_COMMON_BLOCKS = YES;
				GCC_WARN_64_TO_32_BIT_CONVERSION = YES;
				GCC_WARN_ABOUT_RETURN_TYPE = YES_ERROR;
				GCC_WARN_UNDECLARED_SELECTOR = YES;
				GCC_WARN_UNINITIALIZED_AUTOS = YES_AGGRESSIVE;
				GCC_WARN_UNUSED_FUNCTION = YES;
				GCC_WARN_UNUSED_VARIABLE = YES;
				IPHONEOS_DEPLOYMENT_TARGET = 18.2;
				LOCALIZATION_PREFERS_STRING_CATALOGS = YES;
				MTL_ENABLE_DEBUG_INFO = NO;
				MTL_FAST_MATH = YES;
				SDKROOT = iphoneos;
				SWIFT_COMPILATION_MODE = wholemodule;
				VALIDATE_PRODUCT = YES;
			};
			name = Release;
		};
		D8B15D922D8C72A3002441B7 /* Debug */ = {
			isa = XCBuildConfiguration;
			buildSettings = {
				ASSETCATALOG_COMPILER_APPICON_NAME = AppIcon;
				ASSETCATALOG_COMPILER_GLOBAL_ACCENT_COLOR_NAME = AccentColor;
				CODE_SIGN_STYLE = Automatic;
				CURRENT_PROJECT_VERSION = 1;
				DEVELOPMENT_ASSET_PATHS = "\"calculatrice/Preview Content\"";
				ENABLE_PREVIEWS = YES;
				GENERATE_INFOPLIST_FILE = YES;
				INFOPLIST_KEY_UIApplicationSceneManifest_Generation = YES;
				INFOPLIST_KEY_UIApplicationSupportsIndirectInputEvents = YES;
				INFOPLIST_KEY_UILaunchScreen_Generation = YES;
				INFOPLIST_KEY_UISupportedInterfaceOrientations_iPad = "UIInterfaceOrientationPortrait UIInterfaceOrientationPortraitUpsideDown UIInterfaceOrientationLandscapeLeft UIInterfaceOrientationLandscapeRight";
				INFOPLIST_KEY_UISupportedInterfaceOrientations_iPhone = "UIInterfaceOrientationPortrait UIInterfaceOrientationLandscapeLeft UIInterfaceOrientationLandscapeRight";
				LD_RUNPATH_SEARCH_PATHS = (
					"$(inherited)",
					"@executable_path/Frameworks",
				);
				MARKETING_VERSION = 1.0;
				PRODUCT_BUNDLE_IDENTIFIER = perreaultlab.calculatrice;
				PRODUCT_NAME = "$(TARGET_NAME)";
				SWIFT_EMIT_LOC_STRINGS = YES;
				SWIFT_VERSION = 5.0;
				TARGETED_DEVICE_FAMILY = "1,2";
			};
			name = Debug;
		};
		D8B15D932D8C72A3002441B7 /* Release */ = {
			isa = XCBuildConfiguration;
			buildSettings = {
				ASSETCATALOG_COMPILER_APPICON_NAME = AppIcon;
				ASSETCATALOG_COMPILER_GLOBAL_ACCENT_COLOR_NAME = AccentColor;
				CODE_SIGN_STYLE = Automatic;
				CURRENT_PROJECT_VERSION = 1;
				DEVELOPMENT_ASSET_PATHS = "\"calculatrice/Preview Content\"";
				ENABLE_PREVIEWS = YES;
				GENERATE_INFOPLIST_FILE = YES;
				INFOPLIST_KEY_UIApplicationSceneManifest_Generation = YES;
				INFOPLIST_KEY_UIApplicationSupportsIndirectInputEvents = YES;
				INFOPLIST_KEY_UILaunchScreen_Generation = YES;
				INFOPLIST_KEY_UISupportedInterfaceOrientations_iPad = "UIInterfaceOrientationPortrait UIInterfaceOrientationPortraitUpsideDown UIInterfaceOrientationLandscapeLeft UIInterfaceOrientationLandscapeRight";
				INFOPLIST_KEY_UISupportedInterfaceOrientations_iPhone = "UIInterfaceOrientationPortrait UIInterfaceOrientationLandscapeLeft UIInterfaceOrientationLandscapeRight";
				LD_RUNPATH_SEARCH_PATHS = (
					"$(inherited)",
					"@executable_path/Frameworks",
				);
				MARKETING_VERSION = 1.0;
				PRODUCT_BUNDLE_IDENTIFIER = perreaultlab.calculatrice;
				PRODUCT_NAME = "$(TARGET_NAME)";
				SWIFT_EMIT_LOC_STRINGS = YES;
				SWIFT_VERSION = 5.0;
				TARGETED_DEVICE_FAMILY = "1,2";
			};
			name = Release;
		};
		D8B15D952D8C72A3002441B7 /* Debug */ = {
			isa = XCBuildConfiguration;
			buildSettings = {
				BUNDLE_LOADER = "$(TEST_HOST)";
				CODE_SIGN_STYLE = Automatic;
				CURRENT_PROJECT_VERSION = 1;
				GENERATE_INFOPLIST_FILE = YES;
				IPHONEOS_DEPLOYMENT_TARGET = 18.2;
				MARKETING_VERSION = 1.0;
				PRODUCT_BUNDLE_IDENTIFIER = perreaultlab.calculatriceTests;
				PRODUCT_NAME = "$(TARGET_NAME)";
				SWIFT_EMIT_LOC_STRINGS = NO;
				SWIFT_VERSION = 5.0;
				TARGETED_DEVICE_FAMILY = "1,2";
				TEST_HOST = "$(BUILT_PRODUCTS_DIR)/calculatrice.app/$(BUNDLE_EXECUTABLE_FOLDER_PATH)/calculatrice";
			};
			name = Debug;
		};
		D8B15D962D8C72A3002441B7 /* Release */ = {
			isa = XCBuildConfiguration;
			buildSettings = {
				BUNDLE_LOADER = "$(TEST_HOST)";
				CODE_SIGN_STYLE = Automatic;
				CURRENT_PROJECT_VERSION = 1;
				GENERATE_INFOPLIST_FILE = YES;
				IPHONEOS_DEPLOYMENT_TARGET = 18.2;
				MARKETING_VERSION = 1.0;
				PRODUCT_BUNDLE_IDENTIFIER = perreaultlab.calculatriceTests;
				PRODUCT_NAME = "$(TARGET_NAME)";
				SWIFT_EMIT_LOC_STRINGS = NO;
				SWIFT_VERSION = 5.0;
				TARGETED_DEVICE_FAMILY = "1,2";
				TEST_HOST = "$(BUILT_PRODUCTS_DIR)/calculatrice.app/$(BUNDLE_EXECUTABLE_FOLDER_PATH)/calculatrice";
			};
			name = Release;
		};
		D8B15D982D8C72A3002441B7 /* Debug */ = {
			isa = XCBuildConfiguration;
			buildSettings = {
				CODE_SIGN_STYLE = Automatic;
				CURRENT_PROJECT_VERSION = 1;
				GENERATE_INFOPLIST_FILE = YES;
				MARKETING_VERSION = 1.0;
				PRODUCT_BUNDLE_IDENTIFIER = perreaultlab.calculatriceUITests;
				PRODUCT_NAME = "$(TARGET_NAME)";
				SWIFT_EMIT_LOC_STRINGS = NO;
				SWIFT_VERSION = 5.0;
				TARGETED_DEVICE_FAMILY = "1,2";
				TEST_TARGET_NAME = calculatrice;
			};
			name = Debug;
		};
		D8B15D992D8C72A3002441B7 /* Release */ = {
			isa = XCBuildConfiguration;
			buildSettings = {
				CODE_SIGN_STYLE = Automatic;
				CURRENT_PROJECT_VERSION = 1;
				GENERATE_INFOPLIST_FILE = YES;
				MARKETING_VERSION = 1.0;
				PRODUCT_BUNDLE_IDENTIFIER = perreaultlab.calculatriceUITests;
				PRODUCT_NAME = "$(TARGET_NAME)";
				SWIFT_EMIT_LOC_STRINGS = NO;
				SWIFT_VERSION = 5.0;
				TARGETED_DEVICE_FAMILY = "1,2";
				TEST_TARGET_NAME = calculatrice;
			};
			name = Release;
		};
/* End XCBuildConfiguration section */

/* Begin XCConfigurationList section */
		D8B15D682D8C72A2002441B7 /* Build configuration list for PBXProject "calculatrice" */ = {
			isa = XCConfigurationList;
			buildConfigurations = (
				D8B15D8F2D8C72A3002441B7 /* Debug */,
				D8B15D902D8C72A3002441B7 /* Release */,
			);
			defaultConfigurationIsVisible = 0;
			defaultConfigurationName = Release;
		};
		D8B15D912D8C72A3002441B7 /* Build configuration list for PBXNativeTarget "calculatrice" */ = {
			isa = XCConfigurationList;
			buildConfigurations = (
				D8B15D922D8C72A3002441B7 /* Debug */,
				D8B15D932D8C72A3002441B7 /* Release */,
			);
			defaultConfigurationIsVisible = 0;
			defaultConfigurationName = Release;
		};
		D8B15D942D8C72A3002441B7 /* Build configuration list for PBXNativeTarget "calculatriceTests" */ = {
			isa = XCConfigurationList;
			buildConfigurations = (
				D8B15D952D8C72A3002441B7 /* Debug */,
				D8B15D962D8C72A3002441B7 /* Release */,
			);
			defaultConfigurationIsVisible = 0;
			defaultConfigurationName = Release;
		};
		D8B15D972D8C72A3002441B7 /* Build configuration list for PBXNativeTarget "calculatriceUITests" */ = {
			isa = XCConfigurationList;
			buildConfigurations = (
				D8B15D982D8C72A3002441B7 /* Debug */,
				D8B15D992D8C72A3002441B7 /* Release */,
			);
			defaultConfigurationIsVisible = 0;
			defaultConfigurationName = Release;
		};
/* End XCConfigurationList section */
	};
	rootObject = D8B15D652D8C72A2002441B7 /* Project object */;
}
