// !$*UTF8*$!
{
	archiveVersion = 1;
	classes = {
	};
	objectVersion = 77;
	objects = {

/* Begin PBXContainerItemProxy section */
		D867AD512D664A3100BF16F1 /* PBXContainerItemProxy */ = {
			isa = PBXContainerItemProxy;
			containerPortal = D867AD382D664A2F00BF16F1 /* Project object */;
			proxyType = 1;
			remoteGlobalIDString = D867AD3F2D664A2F00BF16F1;
			remoteInfo = ChatPrototype2;
		};
		D867AD5B2D664A3100BF16F1 /* PBXContainerItemProxy */ = {
			isa = PBXContainerItemProxy;
			containerPortal = D867AD382D664A2F00BF16F1 /* Project object */;
			proxyType = 1;
			remoteGlobalIDString = D867AD3F2D664A2F00BF16F1;
			remoteInfo = ChatPrototype2;
		};
/* End PBXContainerItemProxy section */

/* Begin PBXFileReference section */
		D867AD402D664A2F00BF16F1 /* ChatPrototype2.app */ = {isa = PBXFileReference; explicitFileType = wrapper.application; includeInIndex = 0; path = ChatPrototype2.app; sourceTree = BUILT_PRODUCTS_DIR; };
		D867AD502D664A3100BF16F1 /* ChatPrototype2Tests.xctest */ = {isa = PBXFileReference; explicitFileType = wrapper.cfbundle; includeInIndex = 0; path = ChatPrototype2Tests.xctest; sourceTree = BUILT_PRODUCTS_DIR; };
		D867AD5A2D664A3100BF16F1 /* ChatPrototype2UITests.xctest */ = {isa = PBXFileReference; explicitFileType = wrapper.cfbundle; includeInIndex = 0; path = ChatPrototype2UITests.xctest; sourceTree = BUILT_PRODUCTS_DIR; };
/* End PBXFileReference section */

/* Begin PBXFileSystemSynchronizedRootGroup section */
		D867AD422D664A2F00BF16F1 /* ChatPrototype2 */ = {
			isa = PBXFileSystemSynchronizedRootGroup;
			path = ChatPrototype2;
			sourceTree = "<group>";
		};
		D867AD532D664A3100BF16F1 /* ChatPrototype2Tests */ = {
			isa = PBXFileSystemSynchronizedRootGroup;
			path = ChatPrototype2Tests;
			sourceTree = "<group>";
		};
		D867AD5D2D664A3100BF16F1 /* ChatPrototype2UITests */ = {
			isa = PBXFileSystemSynchronizedRootGroup;
			path = ChatPrototype2UITests;
			sourceTree = "<group>";
		};
/* End PBXFileSystemSynchronizedRootGroup section */

/* Begin PBXFrameworksBuildPhase section */
		D867AD3D2D664A2F00BF16F1 /* Frameworks */ = {
			isa = PBXFrameworksBuildPhase;
			buildActionMask = 2147483647;
			files = (
			);
			runOnlyForDeploymentPostprocessing = 0;
		};
		D867AD4D2D664A3100BF16F1 /* Frameworks */ = {
			isa = PBXFrameworksBuildPhase;
			buildActionMask = 2147483647;
			files = (
			);
			runOnlyForDeploymentPostprocessing = 0;
		};
		D867AD572D664A3100BF16F1 /* Frameworks */ = {
			isa = PBXFrameworksBuildPhase;
			buildActionMask = 2147483647;
			files = (
			);
			runOnlyForDeploymentPostprocessing = 0;
		};
/* End PBXFrameworksBuildPhase section */

/* Begin PBXGroup section */
		D867AD372D664A2F00BF16F1 = {
			isa = PBXGroup;
			children = (
				D867AD422D664A2F00BF16F1 /* ChatPrototype2 */,
				D867AD532D664A3100BF16F1 /* ChatPrototype2Tests */,
				D867AD5D2D664A3100BF16F1 /* ChatPrototype2UITests */,
				D867AD412D664A2F00BF16F1 /* Products */,
			);
			sourceTree = "<group>";
		};
		D867AD412D664A2F00BF16F1 /* Products */ = {
			isa = PBXGroup;
			children = (
				D867AD402D664A2F00BF16F1 /* ChatPrototype2.app */,
				D867AD502D664A3100BF16F1 /* ChatPrototype2Tests.xctest */,
				D867AD5A2D664A3100BF16F1 /* ChatPrototype2UITests.xctest */,
			);
			name = Products;
			sourceTree = "<group>";
		};
/* End PBXGroup section */

/* Begin PBXNativeTarget section */
		D867AD3F2D664A2F00BF16F1 /* ChatPrototype2 */ = {
			isa = PBXNativeTarget;
			buildConfigurationList = D867AD642D664A3100BF16F1 /* Build configuration list for PBXNativeTarget "ChatPrototype2" */;
			buildPhases = (
				D867AD3C2D664A2F00BF16F1 /* Sources */,
				D867AD3D2D664A2F00BF16F1 /* Frameworks */,
				D867AD3E2D664A2F00BF16F1 /* Resources */,
			);
			buildRules = (
			);
			dependencies = (
			);
			fileSystemSynchronizedGroups = (
				D867AD422D664A2F00BF16F1 /* ChatPrototype2 */,
			);
			name = ChatPrototype2;
			packageProductDependencies = (
			);
			productName = ChatPrototype2;
			productReference = D867AD402D664A2F00BF16F1 /* ChatPrototype2.app */;
			productType = "com.apple.product-type.application";
		};
		D867AD4F2D664A3100BF16F1 /* ChatPrototype2Tests */ = {
			isa = PBXNativeTarget;
			buildConfigurationList = D867AD672D664A3100BF16F1 /* Build configuration list for PBXNativeTarget "ChatPrototype2Tests" */;
			buildPhases = (
				D867AD4C2D664A3100BF16F1 /* Sources */,
				D867AD4D2D664A3100BF16F1 /* Frameworks */,
				D867AD4E2D664A3100BF16F1 /* Resources */,
			);
			buildRules = (
			);
			dependencies = (
				D867AD522D664A3100BF16F1 /* PBXTargetDependency */,
			);
			fileSystemSynchronizedGroups = (
				D867AD532D664A3100BF16F1 /* ChatPrototype2Tests */,
			);
			name = ChatPrototype2Tests;
			packageProductDependencies = (
			);
			productName = ChatPrototype2Tests;
			productReference = D867AD502D664A3100BF16F1 /* ChatPrototype2Tests.xctest */;
			productType = "com.apple.product-type.bundle.unit-test";
		};
		D867AD592D664A3100BF16F1 /* ChatPrototype2UITests */ = {
			isa = PBXNativeTarget;
			buildConfigurationList = D867AD6A2D664A3100BF16F1 /* Build configuration list for PBXNativeTarget "ChatPrototype2UITests" */;
			buildPhases = (
				D867AD562D664A3100BF16F1 /* Sources */,
				D867AD572D664A3100BF16F1 /* Frameworks */,
				D867AD582D664A3100BF16F1 /* Resources */,
			);
			buildRules = (
			);
			dependencies = (
				D867AD5C2D664A3100BF16F1 /* PBXTargetDependency */,
			);
			fileSystemSynchronizedGroups = (
				D867AD5D2D664A3100BF16F1 /* ChatPrototype2UITests */,
			);
			name = ChatPrototype2UITests;
			packageProductDependencies = (
			);
			productName = ChatPrototype2UITests;
			productReference = D867AD5A2D664A3100BF16F1 /* ChatPrototype2UITests.xctest */;
			productType = "com.apple.product-type.bundle.ui-testing";
		};
/* End PBXNativeTarget section */

/* Begin PBXProject section */
		D867AD382D664A2F00BF16F1 /* Project object */ = {
			isa = PBXProject;
			attributes = {
				BuildIndependentTargetsInParallel = 1;
				LastSwiftUpdateCheck = 1620;
				LastUpgradeCheck = 1620;
				TargetAttributes = {
					D867AD3F2D664A2F00BF16F1 = {
						CreatedOnToolsVersion = 16.2;
					};
					D867AD4F2D664A3100BF16F1 = {
						CreatedOnToolsVersion = 16.2;
						TestTargetID = D867AD3F2D664A2F00BF16F1;
					};
					D867AD592D664A3100BF16F1 = {
						CreatedOnToolsVersion = 16.2;
						TestTargetID = D867AD3F2D664A2F00BF16F1;
					};
				};
			};
			buildConfigurationList = D867AD3B2D664A2F00BF16F1 /* Build configuration list for PBXProject "ChatPrototype2" */;
			developmentRegion = en;
			hasScannedForEncodings = 0;
			knownRegions = (
				en,
				Base,
			);
			mainGroup = D867AD372D664A2F00BF16F1;
			minimizedProjectReferenceProxies = 1;
			preferredProjectObjectVersion = 77;
			productRefGroup = D867AD412D664A2F00BF16F1 /* Products */;
			projectDirPath = "";
			projectRoot = "";
			targets = (
				D867AD3F2D664A2F00BF16F1 /* ChatPrototype2 */,
				D867AD4F2D664A3100BF16F1 /* ChatPrototype2Tests */,
				D867AD592D664A3100BF16F1 /* ChatPrototype2UITests */,
			);
		};
/* End PBXProject section */

/* Begin PBXResourcesBuildPhase section */
		D867AD3E2D664A2F00BF16F1 /* Resources */ = {
			isa = PBXResourcesBuildPhase;
			buildActionMask = 2147483647;
			files = (
			);
			runOnlyForDeploymentPostprocessing = 0;
		};
		D867AD4E2D664A3100BF16F1 /* Resources */ = {
			isa = PBXResourcesBuildPhase;
			buildActionMask = 2147483647;
			files = (
			);
			runOnlyForDeploymentPostprocessing = 0;
		};
		D867AD582D664A3100BF16F1 /* Resources */ = {
			isa = PBXResourcesBuildPhase;
			buildActionMask = 2147483647;
			files = (
			);
			runOnlyForDeploymentPostprocessing = 0;
		};
/* End PBXResourcesBuildPhase section */

/* Begin PBXSourcesBuildPhase section */
		D867AD3C2D664A2F00BF16F1 /* Sources */ = {
			isa = PBXSourcesBuildPhase;
			buildActionMask = 2147483647;
			files = (
			);
			runOnlyForDeploymentPostprocessing = 0;
		};
		D867AD4C2D664A3100BF16F1 /* Sources */ = {
			isa = PBXSourcesBuildPhase;
			buildActionMask = 2147483647;
			files = (
			);
			runOnlyForDeploymentPostprocessing = 0;
		};
		D867AD562D664A3100BF16F1 /* Sources */ = {
			isa = PBXSourcesBuildPhase;
			buildActionMask = 2147483647;
			files = (
			);
			runOnlyForDeploymentPostprocessing = 0;
		};
/* End PBXSourcesBuildPhase section */

/* Begin PBXTargetDependency section */
		D867AD522D664A3100BF16F1 /* PBXTargetDependency */ = {
			isa = PBXTargetDependency;
			target = D867AD3F2D664A2F00BF16F1 /* ChatPrototype2 */;
			targetProxy = D867AD512D664A3100BF16F1 /* PBXContainerItemProxy */;
		};
		D867AD5C2D664A3100BF16F1 /* PBXTargetDependency */ = {
			isa = PBXTargetDependency;
			target = D867AD3F2D664A2F00BF16F1 /* ChatPrototype2 */;
			targetProxy = D867AD5B2D664A3100BF16F1 /* PBXContainerItemProxy */;
		};
/* End PBXTargetDependency section */

/* Begin XCBuildConfiguration section */
		D867AD622D664A3100BF16F1 /* Debug */ = {
			isa = XCBuildConfiguration;
			buildSettings = {
				ALWAYS_SEARCH_USER_PATHS = NO;
				ASSETCATALOG_COMPILER_GENERATE_SWIFT_ASSET_SYMBOL_EXTENSIONS = YES;
				CLANG_ANALYZER_NONNULL = YES;
				CLANG_ANALYZER_NUMBER_OBJECT_CONVERSION = YES_AGGRESSIVE;
				CLANG_CXX_LANGUAGE_STANDARD = "gnu++20";
				CLANG_ENABLE_MODULES = YES;
				CLANG_ENABLE_OBJC_ARC = YES;
				CLANG_ENABLE_OBJC_WEAK = YES;
				CLANG_WARN_BLOCK_CAPTURE_AUTORELEASING = YES;
				CLANG_WARN_BOOL_CONVERSION = YES;
				CLANG_WARN_COMMA = YES;
				CLANG_WARN_CONSTANT_CONVERSION = YES;
				CLANG_WARN_DEPRECATED_OBJC_IMPLEMENTATIONS = YES;
				CLANG_WARN_DIRECT_OBJC_ISA_USAGE = YES_ERROR;
				CLANG_WARN_DOCUMENTATION_COMMENTS = YES;
				CLANG_WARN_EMPTY_BODY = YES;
				CLANG_WARN_ENUM_CONVERSION = YES;
				CLANG_WARN_INFINITE_RECURSION = YES;
				CLANG_WARN_INT_CONVERSION = YES;
				CLANG_WARN_NON_LITERAL_NULL_CONVERSION = YES;
				CLANG_WARN_OBJC_IMPLICIT_RETAIN_SELF = YES;
				CLANG_WARN_OBJC_LITERAL_CONVERSION = YES;
				CLANG_WARN_OBJC_ROOT_CLASS = YES_ERROR;
				CLANG_WARN_QUOTED_INCLUDE_IN_FRAMEWORK_HEADER = YES;
				CLANG_WARN_RANGE_LOOP_ANALYSIS = YES;
				CLANG_WARN_STRICT_PROTOTYPES = YES;
				CLANG_WARN_SUSPICIOUS_MOVE = YES;
				CLANG_WARN_UNGUARDED_AVAILABILITY = YES_AGGRESSIVE;
				CLANG_WARN_UNREACHABLE_CODE = YES;
				CLANG_WARN__DUPLICATE_METHOD_MATCH = YES;
				COPY_PHASE_STRIP = NO;
				DEBUG_INFORMATION_FORMAT = dwarf;
				ENABLE_STRICT_OBJC_MSGSEND = YES;
				ENABLE_TESTABILITY = YES;
				ENABLE_USER_SCRIPT_SANDBOXING = YES;
				GCC_C_LANGUAGE_STANDARD = gnu17;
				GCC_DYNAMIC_NO_PIC = NO;
				GCC_NO_COMMON_BLOCKS = YES;
				GCC_OPTIMIZATION_LEVEL = 0;
				GCC_PREPROCESSOR_DEFINITIONS = (
					"DEBUG=1",
					"$(inherited)",
				);
				GCC_WARN_64_TO_32_BIT_CONVERSION = YES;
				GCC_WARN_ABOUT_RETURN_TYPE = YES_ERROR;
				GCC_WARN_UNDECLARED_SELECTOR = YES;
				GCC_WARN_UNINITIALIZED_AUTOS = YES_AGGRESSIVE;
				GCC_WARN_UNUSED_FUNCTION = YES;
				GCC_WARN_UNUSED_VARIABLE = YES;
				IPHONEOS_DEPLOYMENT_TARGET = 18.2;
				LOCALIZATION_PREFERS_STRING_CATALOGS = YES;
				MTL_ENABLE_DEBUG_INFO = INCLUDE_SOURCE;
				MTL_FAST_MATH = YES;
				ONLY_ACTIVE_ARCH = YES;
				SDKROOT = iphoneos;
				SWIFT_ACTIVE_COMPILATION_CONDITIONS = "DEBUG $(inherited)";
				SWIFT_OPTIMIZATION_LEVEL = "-Onone";
			};
			name = Debug;
		};
		D867AD632D664A3100BF16F1 /* Release */ = {
			isa = XCBuildConfiguration;
			buildSettings = {
				ALWAYS_SEARCH_USER_PATHS = NO;
				ASSETCATALOG_COMPILER_GENERATE_SWIFT_ASSET_SYMBOL_EXTENSIONS = YES;
				CLANG_ANALYZER_NONNULL = YES;
				CLANG_ANALYZER_NUMBER_OBJECT_CONVERSION = YES_AGGRESSIVE;
				CLANG_CXX_LANGUAGE_STANDARD = "gnu++20";
				CLANG_ENABLE_MODULES = YES;
				CLANG_ENABLE_OBJC_ARC = YES;
				CLANG_ENABLE_OBJC_WEAK = YES;
				CLANG_WARN_BLOCK_CAPTURE_AUTORELEASING = YES;
				CLANG_WARN_BOOL_CONVERSION = YES;
				CLANG_WARN_COMMA = YES;
				CLANG_WARN_CONSTANT_CONVERSION = YES;
				CLANG_WARN_DEPRECATED_OBJC_IMPLEMENTATIONS = YES;
				CLANG_WARN_DIRECT_OBJC_ISA_USAGE = YES_ERROR;
				CLANG_WARN_DOCUMENTATION_COMMENTS = YES;
				CLANG_WARN_EMPTY_BODY = YES;
				CLANG_WARN_ENUM_CONVERSION = YES;
				CLANG_WARN_INFINITE_RECURSION = YES;
				CLANG_WARN_INT_CONVERSION = YES;
				CLANG_WARN_NON_LITERAL_NULL_CONVERSION = YES;
				CLANG_WARN_OBJC_IMPLICIT_RETAIN_SELF = YES;
				CLANG_WARN_OBJC_LITERAL_CONVERSION = YES;
				CLANG_WARN_OBJC_ROOT_CLASS = YES_ERROR;
				CLANG_WARN_QUOTED_INCLUDE_IN_FRAMEWORK_HEADER = YES;
				CLANG_WARN_RANGE_LOOP_ANALYSIS = YES;
				CLANG_WARN_STRICT_PROTOTYPES = YES;
				CLANG_WARN_SUSPICIOUS_MOVE = YES;
				CLANG_WARN_UNGUARDED_AVAILABILITY = YES_AGGRESSIVE;
				CLANG_WARN_UNREACHABLE_CODE = YES;
				CLANG_WARN__DUPLICATE_METHOD_MATCH = YES;
				COPY_PHASE_STRIP = NO;
				DEBUG_INFORMATION_FORMAT = "dwarf-with-dsym";
				ENABLE_NS_ASSERTIONS = NO;
				ENABLE_STRICT_OBJC_MSGSEND = YES;
				ENABLE_USER_SCRIPT_SANDBOXING = YES;
				GCC_C_LANGUAGE_STANDARD = gnu17;
				GCC_NO_COMMON_BLOCKS = YES;
				GCC_WARN_64_TO_32_BIT_CONVERSION = YES;
				GCC_WARN_ABOUT_RETURN_TYPE = YES_ERROR;
				GCC_WARN_UNDECLARED_SELECTOR = YES;
				GCC_WARN_UNINITIALIZED_AUTOS = YES_AGGRESSIVE;
				GCC_WARN_UNUSED_FUNCTION = YES;
				GCC_WARN_UNUSED_VARIABLE = YES;
				IPHONEOS_DEPLOYMENT_TARGET = 18.2;
				LOCALIZATION_PREFERS_STRING_CATALOGS = YES;
				MTL_ENABLE_DEBUG_INFO = NO;
				MTL_FAST_MATH = YES;
				SDKROOT = iphoneos;
				SWIFT_COMPILATION_MODE = wholemodule;
				VALIDATE_PRODUCT = YES;
			};
			name = Release;
		};
		D867AD652D664A3100BF16F1 /* Debug */ = {
			isa = XCBuildConfiguration;
			buildSettings = {
				ASSETCATALOG_COMPILER_APPICON_NAME = AppIcon;
				ASSETCATALOG_COMPILER_GLOBAL_ACCENT_COLOR_NAME = AccentColor;
				CODE_SIGN_STYLE = Automatic;
				CURRENT_PROJECT_VERSION = 1;
				DEVELOPMENT_ASSET_PATHS = "\"ChatPrototype2/Preview Content\"";
				ENABLE_PREVIEWS = YES;
				GENERATE_INFOPLIST_FILE = YES;
				INFOPLIST_KEY_UIApplicationSceneManifest_Generation = YES;
				INFOPLIST_KEY_UIApplicationSupportsIndirectInputEvents = YES;
				INFOPLIST_KEY_UILaunchScreen_Generation = YES;
				INFOPLIST_KEY_UISupportedInterfaceOrientations_iPad = "UIInterfaceOrientationPortrait UIInterfaceOrientationPortraitUpsideDown UIInterfaceOrientationLandscapeLeft UIInterfaceOrientationLandscapeRight";
				INFOPLIST_KEY_UISupportedInterfaceOrientations_iPhone = "UIInterfaceOrientationPortrait UIInterfaceOrientationLandscapeLeft UIInterfaceOrientationLandscapeRight";
				LD_RUNPATH_SEARCH_PATHS = (
					"$(inherited)",
					"@executable_path/Frameworks",
				);
				MARKETING_VERSION = 1.0;
				PRODUCT_BUNDLE_IDENTIFIER = perreaultlab.ChatPrototype2;
				PRODUCT_NAME = "$(TARGET_NAME)";
				SWIFT_EMIT_LOC_STRINGS = YES;
				SWIFT_VERSION = 5.0;
				TARGETED_DEVICE_FAMILY = "1,2";
			};
			name = Debug;
		};
		D867AD662D664A3100BF16F1 /* Release */ = {
			isa = XCBuildConfiguration;
			buildSettings = {
				ASSETCATALOG_COMPILER_APPICON_NAME = AppIcon;
				ASSETCATALOG_COMPILER_GLOBAL_ACCENT_COLOR_NAME = AccentColor;
				CODE_SIGN_STYLE = Automatic;
				CURRENT_PROJECT_VERSION = 1;
				DEVELOPMENT_ASSET_PATHS = "\"ChatPrototype2/Preview Content\"";
				ENABLE_PREVIEWS = YES;
				GENERATE_INFOPLIST_FILE = YES;
				INFOPLIST_KEY_UIApplicationSceneManifest_Generation = YES;
				INFOPLIST_KEY_UIApplicationSupportsIndirectInputEvents = YES;
				INFOPLIST_KEY_UILaunchScreen_Generation = YES;
				INFOPLIST_KEY_UISupportedInterfaceOrientations_iPad = "UIInterfaceOrientationPortrait UIInterfaceOrientationPortraitUpsideDown UIInterfaceOrientationLandscapeLeft UIInterfaceOrientationLandscapeRight";
				INFOPLIST_KEY_UISupportedInterfaceOrientations_iPhone = "UIInterfaceOrientationPortrait UIInterfaceOrientationLandscapeLeft UIInterfaceOrientationLandscapeRight";
				LD_RUNPATH_SEARCH_PATHS = (
					"$(inherited)",
					"@executable_path/Frameworks",
				);
				MARKETING_VERSION = 1.0;
				PRODUCT_BUNDLE_IDENTIFIER = perreaultlab.ChatPrototype2;
				PRODUCT_NAME = "$(TARGET_NAME)";
				SWIFT_EMIT_LOC_STRINGS = YES;
				SWIFT_VERSION = 5.0;
				TARGETED_DEVICE_FAMILY = "1,2";
			};
			name = Release;
		};
		D867AD682D664A3100BF16F1 /* Debug */ = {
			isa = XCBuildConfiguration;
			buildSettings = {
				BUNDLE_LOADER = "$(TEST_HOST)";
				CODE_SIGN_STYLE = Automatic;
				CURRENT_PROJECT_VERSION = 1;
				GENERATE_INFOPLIST_FILE = YES;
				IPHONEOS_DEPLOYMENT_TARGET = 18.2;
				MARKETING_VERSION = 1.0;
				PRODUCT_BUNDLE_IDENTIFIER = perreaultlab.ChatPrototype2Tests;
				PRODUCT_NAME = "$(TARGET_NAME)";
				SWIFT_EMIT_LOC_STRINGS = NO;
				SWIFT_VERSION = 5.0;
				TARGETED_DEVICE_FAMILY = "1,2";
				TEST_HOST = "$(BUILT_PRODUCTS_DIR)/ChatPrototype2.app/$(BUNDLE_EXECUTABLE_FOLDER_PATH)/ChatPrototype2";
			};
			name = Debug;
		};
		D867AD692D664A3100BF16F1 /* Release */ = {
			isa = XCBuildConfiguration;
			buildSettings = {
				BUNDLE_LOADER = "$(TEST_HOST)";
				CODE_SIGN_STYLE = Automatic;
				CURRENT_PROJECT_VERSION = 1;
				GENERATE_INFOPLIST_FILE = YES;
				IPHONEOS_DEPLOYMENT_TARGET = 18.2;
				MARKETING_VERSION = 1.0;
				PRODUCT_BUNDLE_IDENTIFIER = perreaultlab.ChatPrototype2Tests;
				PRODUCT_NAME = "$(TARGET_NAME)";
				SWIFT_EMIT_LOC_STRINGS = NO;
				SWIFT_VERSION = 5.0;
				TARGETED_DEVICE_FAMILY = "1,2";
				TEST_HOST = "$(BUILT_PRODUCTS_DIR)/ChatPrototype2.app/$(BUNDLE_EXECUTABLE_FOLDER_PATH)/ChatPrototype2";
			};
			name = Release;
		};
		D867AD6B2D664A3100BF16F1 /* Debug */ = {
			isa = XCBuildConfiguration;
			buildSettings = {
				CODE_SIGN_STYLE = Automatic;
				CURRENT_PROJECT_VERSION = 1;
				GENERATE_INFOPLIST_FILE = YES;
				MARKETING_VERSION = 1.0;
				PRODUCT_BUNDLE_IDENTIFIER = perreaultlab.ChatPrototype2UITests;
				PRODUCT_NAME = "$(TARGET_NAME)";
				SWIFT_EMIT_LOC_STRINGS = NO;
				SWIFT_VERSION = 5.0;
				TARGETED_DEVICE_FAMILY = "1,2";
				TEST_TARGET_NAME = ChatPrototype2;
			};
			name = Debug;
		};
		D867AD6C2D664A3100BF16F1 /* Release */ = {
			isa = XCBuildConfiguration;
			buildSettings = {
				CODE_SIGN_STYLE = Automatic;
				CURRENT_PROJECT_VERSION = 1;
				GENERATE_INFOPLIST_FILE = YES;
				MARKETING_VERSION = 1.0;
				PRODUCT_BUNDLE_IDENTIFIER = perreaultlab.ChatPrototype2UITests;
				PRODUCT_NAME = "$(TARGET_NAME)";
				SWIFT_EMIT_LOC_STRINGS = NO;
				SWIFT_VERSION = 5.0;
				TARGETED_DEVICE_FAMILY = "1,2";
				TEST_TARGET_NAME = ChatPrototype2;
			};
			name = Release;
		};
/* End XCBuildConfiguration section */

/* Begin XCConfigurationList section */
		D867AD3B2D664A2F00BF16F1 /* Build configuration list for PBXProject "ChatPrototype2" */ = {
			isa = XCConfigurationList;
			buildConfigurations = (
				D867AD622D664A3100BF16F1 /* Debug */,
				D867AD632D664A3100BF16F1 /* Release */,
			);
			defaultConfigurationIsVisible = 0;
			defaultConfigurationName = Release;
		};
		D867AD642D664A3100BF16F1 /* Build configuration list for PBXNativeTarget "ChatPrototype2" */ = {
			isa = XCConfigurationList;
			buildConfigurations = (
				D867AD652D664A3100BF16F1 /* Debug */,
				D867AD662D664A3100BF16F1 /* Release */,
			);
			defaultConfigurationIsVisible = 0;
			defaultConfigurationName = Release;
		};
		D867AD672D664A3100BF16F1 /* Build configuration list for PBXNativeTarget "ChatPrototype2Tests" */ = {
			isa = XCConfigurationList;
			buildConfigurations = (
				D867AD682D664A3100BF16F1 /* Debug */,
				D867AD692D664A3100BF16F1 /* Release */,
			);
			defaultConfigurationIsVisible = 0;
			defaultConfigurationName = Release;
		};
		D867AD6A2D664A3100BF16F1 /* Build configuration list for PBXNativeTarget "ChatPrototype2UITests" */ = {
			isa = XCConfigurationList;
			buildConfigurations = (
				D867AD6B2D664A3100BF16F1 /* Debug */,
				D867AD6C2D664A3100BF16F1 /* Release */,
			);
			defaultConfigurationIsVisible = 0;
			defaultConfigurationName = Release;
		};
/* End XCConfigurationList section */
	};
	rootObject = D867AD382D664A2F00BF16F1 /* Project object */;
}
